
Microsoft Visual Studio Solution File, Format Version 12.00
# Visual Studio Version 16
VisualStudioVersion = 16.0.30320.27
MinimumVisualStudioVersion = 10.0.40219.1
Project("{FAE04EC0-301F-11D3-BF4B-00C04F79EFBC}") = "Assignment1", "Assignment1\Assignment1.csproj", "{45970883-AB91-492E-AE14-48D1CA70EAFC}"
EndProject
Global
	GlobalSection(SolutionConfigurationPlatforms) = preSolution
		Debug|Any CPU = Debug|Any CPU
		Release|Any CPU = Release|Any CPU
	EndGlobalSection
	GlobalSection(ProjectConfigurationPlatforms) = postSolution
		{45970883-AB91-492E-AE14-48D1CA70EAFC}.Debug|Any CPU.ActiveCfg = Debug|Any CPU
		{45970883-AB91-492E-AE14-48D1CA70EAFC}.Debug|Any CPU.Build.0 = Debug|Any CPU
		{45970883-AB91-492E-AE14-48D1CA70EAFC}.Release|Any CPU.ActiveCfg = Release|Any CPU
		{45970883-AB91-492E-AE14-48D1CA70EAFC}.Release|Any CPU.Build.0 = Release|Any CPU
	EndGlobalSection
	GlobalSection(SolutionProperties) = preSolution
		HideSolutionNode = FALSE
	EndGlobalSection
	GlobalSection(ExtensibilityGlobals) = postSolution
		SolutionGuid = {358E4552-7B92-4686-BC61-F7B79C309CE9}
	EndGlobalSection
EndGlobal
